
Microsoft Visual Studio Solution File, Format Version 12.00
# Visual Studio Version 17
VisualStudioVersion = 17.7.34202.233
MinimumVisualStudioVersion = 10.0.40219.1
Project("{FAE04EC0-301F-11D3-BF4B-00C04F79EFBC}") = "Calculator", "Calculator\Calculator.csproj", "{BC7E58C4-30DE-4DCD-9790-FBC112756E8D}"
EndProject
Global
	GlobalSection(SolutionConfigurationPlatforms) = preSolution
		Debug|Any CPU = Debug|Any CPU
		Release|Any CPU = Release|Any CPU
	EndGlobalSection
	GlobalSection(ProjectConfigurationPlatforms) = postSolution
		{BC7E58C4-30DE-4DCD-9790-FBC112756E8D}.Debug|Any CPU.ActiveCfg = Debug|Any CPU
		{BC7E58C4-30DE-4DCD-9790-FBC112756E8D}.Debug|Any CPU.Build.0 = Debug|Any CPU
		{BC7E58C4-30DE-4DCD-9790-FBC112756E8D}.Release|Any CPU.ActiveCfg = Release|Any CPU
		{BC7E58C4-30DE-4DCD-9790-FBC112756E8D}.Release|Any CPU.Build.0 = Release|Any CPU
	EndGlobalSection
	GlobalSection(SolutionProperties) = preSolution
		HideSolutionNode = FALSE
	EndGlobalSection
	GlobalSection(ExtensibilityGlobals) = postSolution
		SolutionGuid = {98268115-E065-4709-B9B9-81C5C8CA9BD9}
	EndGlobalSection
EndGlobal
